
Microsoft Visual Studio Solution File, Format Version 12.00
# Visual Studio 15
Project("{FAE04EC0-301F-11D3-BF4B-00C04F79EFBC}") = "Assembly-CSharp", "Assembly-CSharp.csproj", "{A499A57B-9726-A5CD-5FFF-51E0E0D1CB7F}"
EndProject
Project("{FAE04EC0-301F-11D3-BF4B-00C04F79EFBC}") = "Assembly-CSharp-Editor", "Assembly-CSharp-Editor.csproj", "{1FB24200-BD32-00A2-C465-6A3A4F23CC10}"
EndProject
Global
	GlobalSection(SolutionConfigurationPlatforms) = preSolution
		Debug|Any CPU = Debug|Any CPU
		Release|Any CPU = Release|Any CPU
	EndGlobalSection
	GlobalSection(ProjectConfigurationPlatforms) = postSolution
		{A499A57B-9726-A5CD-5FFF-51E0E0D1CB7F}.Debug|Any CPU.ActiveCfg = Debug|Any CPU
		{A499A57B-9726-A5CD-5FFF-51E0E0D1CB7F}.Debug|Any CPU.Build.0 = Debug|Any CPU
		{A499A57B-9726-A5CD-5FFF-51E0E0D1CB7F}.Release|Any CPU.ActiveCfg = Release|Any CPU
		{A499A57B-9726-A5CD-5FFF-51E0E0D1CB7F}.Release|Any CPU.Build.0 = Release|Any CPU
		{1FB24200-BD32-00A2-C465-6A3A4F23CC10}.Debug|Any CPU.ActiveCfg = Debug|Any CPU
		{1FB24200-BD32-00A2-C465-6A3A4F23CC10}.Debug|Any CPU.Build.0 = Debug|Any CPU
		{1FB24200-BD32-00A2-C465-6A3A4F23CC10}.Release|Any CPU.ActiveCfg = Release|Any CPU
		{1FB24200-BD32-00A2-C465-6A3A4F23CC10}.Release|Any CPU.Build.0 = Release|Any CPU
	EndGlobalSection
	GlobalSection(SolutionProperties) = preSolution
		HideSolutionNode = FALSE
	EndGlobalSection
EndGlobal
